
Microsoft Visual Studio Solution File, Format Version 12.00
# Visual Studio Version 17
VisualStudioVersion = 17.5.002.0
MinimumVisualStudioVersion = 10.0.40219.1
Project("{9A19103F-16F7-4668-BE54-9A1E7A4F7556}") = "LEI_CHEN_Practice_Asst_4.Tests", "LEI_CHEN_Practice_Asst_4.Tests.csproj", "{8BE6B2DC-DB99-4898-818E-CDBF256DBF58}"
EndProject
Global
	GlobalSection(SolutionConfigurationPlatforms) = preSolution
		Debug|Any CPU = Debug|Any CPU
		Release|Any CPU = Release|Any CPU
	EndGlobalSection
	GlobalSection(ProjectConfigurationPlatforms) = postSolution
		{8BE6B2DC-DB99-4898-818E-CDBF256DBF58}.Debug|Any CPU.ActiveCfg = Debug|Any CPU
		{8BE6B2DC-DB99-4898-818E-CDBF256DBF58}.Debug|Any CPU.Build.0 = Debug|Any CPU
		{8BE6B2DC-DB99-4898-818E-CDBF256DBF58}.Release|Any CPU.ActiveCfg = Release|Any CPU
		{8BE6B2DC-DB99-4898-818E-CDBF256DBF58}.Release|Any CPU.Build.0 = Release|Any CPU
	EndGlobalSection
	GlobalSection(SolutionProperties) = preSolution
		HideSolutionNode = FALSE
	EndGlobalSection
	GlobalSection(ExtensibilityGlobals) = postSolution
		SolutionGuid = {1F1A77C5-5330-4397-870A-DC4ECD56AD2F}
	EndGlobalSection
EndGlobal
